
Microsoft Visual Studio Solution File, Format Version 12.00
# Visual Studio Version 16
VisualStudioVersion = 16.0.29324.140
MinimumVisualStudioVersion = 10.0.40219.1
Project("{FAE04EC0-301F-11D3-BF4B-00C04F79EFBC}") = "LibertyTreeTavern2", "LibertyTreeTavern2\LibertyTreeTavern2.csproj", "{A1081DB4-3012-41B2-89C9-02C5EB407841}"
EndProject
Global
	GlobalSection(SolutionConfigurationPlatforms) = preSolution
		Debug|Any CPU = Debug|Any CPU
		Release|Any CPU = Release|Any CPU
	EndGlobalSection
	GlobalSection(ProjectConfigurationPlatforms) = postSolution
		{A1081DB4-3012-41B2-89C9-02C5EB407841}.Debug|Any CPU.ActiveCfg = Debug|Any CPU
		{A1081DB4-3012-41B2-89C9-02C5EB407841}.Debug|Any CPU.Build.0 = Debug|Any CPU
		{A1081DB4-3012-41B2-89C9-02C5EB407841}.Release|Any CPU.ActiveCfg = Release|Any CPU
		{A1081DB4-3012-41B2-89C9-02C5EB407841}.Release|Any CPU.Build.0 = Release|Any CPU
	EndGlobalSection
	GlobalSection(SolutionProperties) = preSolution
		HideSolutionNode = FALSE
	EndGlobalSection
	GlobalSection(ExtensibilityGlobals) = postSolution
		SolutionGuid = {B2AAA687-C15B-44BE-8CE7-856FD4E59BB2}
	EndGlobalSection
EndGlobal
